# This file was autogenerated by uv via the following command:
#    uv pip compile pyproject.toml --all-extras -o requirements-all.lock
black==26.1.0
    # via agent-readiness-score (pyproject.toml)
click==8.3.1
    # via
    #   agent-readiness-score (pyproject.toml)
    #   black
coverage==7.13.2
    # via pytest-cov
iniconfig==2.3.0
    # via pytest
librt==0.7.8
    # via mypy
markdown-it-py==4.0.0
    # via rich
mdurl==0.1.2
    # via markdown-it-py
mypy==1.19.1
    # via agent-readiness-score (pyproject.toml)
mypy-extensions==1.1.0
    # via
    #   black
    #   mypy
packaging==26.0
    # via
    #   black
    #   pytest
pathspec==1.0.3
    # via
    #   black
    #   mypy
platformdirs==4.5.1
    # via black
pluggy==1.6.0
    # via
    #   pytest
    #   pytest-cov
pygments==2.19.2
    # via
    #   pytest
    #   rich
pytest==9.0.2
    # via
    #   agent-readiness-score (pyproject.toml)
    #   pytest-cov
pytest-cov==7.0.0
    # via agent-readiness-score (pyproject.toml)
pytokens==0.4.0
    # via black
rich==14.3.1
    # via agent-readiness-score (pyproject.toml)
ruff==0.14.14
    # via agent-readiness-score (pyproject.toml)
typing-extensions==4.15.0
    # via mypy
